
Microsoft Visual Studio Solution File, Format Version 12.00
# Visual Studio Version 17
VisualStudioVersion = 17.14.36310.24 d17.14
MinimumVisualStudioVersion = 10.0.40219.1
Project("{FAE04EC0-301F-11D3-BF4B-00C04F79EFBC}") = "ExercicioProposto4", "ExercicioProposto4\ExercicioProposto4.csproj", "{6BE62E77-6E9E-4DD6-95A5-342B3D8CA434}"
EndProject
Global
	GlobalSection(SolutionConfigurationPlatforms) = preSolution
		Debug|Any CPU = Debug|Any CPU
		Release|Any CPU = Release|Any CPU
	EndGlobalSection
	GlobalSection(ProjectConfigurationPlatforms) = postSolution
		{6BE62E77-6E9E-4DD6-95A5-342B3D8CA434}.Debug|Any CPU.ActiveCfg = Debug|Any CPU
		{6BE62E77-6E9E-4DD6-95A5-342B3D8CA434}.Debug|Any CPU.Build.0 = Debug|Any CPU
		{6BE62E77-6E9E-4DD6-95A5-342B3D8CA434}.Release|Any CPU.ActiveCfg = Release|Any CPU
		{6BE62E77-6E9E-4DD6-95A5-342B3D8CA434}.Release|Any CPU.Build.0 = Release|Any CPU
	EndGlobalSection
	GlobalSection(SolutionProperties) = preSolution
		HideSolutionNode = FALSE
	EndGlobalSection
	GlobalSection(ExtensibilityGlobals) = postSolution
		SolutionGuid = {C321D0A5-756B-4C8F-A78E-5D7C3930922C}
	EndGlobalSection
EndGlobal
